
Microsoft Visual Studio Solution File, Format Version 11.00
# Visual Studio 2010
Project("{FAE04EC0-301F-11D3-BF4B-00C04F79EFBC}") = "UnityEngine.TestRunner", "UnityEngine.TestRunner.csproj", "{0b2ce9ab-b316-a8db-ec3c-c1571eec64dd}"
EndProject
Project("{FAE04EC0-301F-11D3-BF4B-00C04F79EFBC}") = "UnityEngine.UI", "UnityEngine.UI.csproj", "{6b4bf286-95c0-d8b6-48d0-a7b02d22806b}"
EndProject
Project("{FAE04EC0-301F-11D3-BF4B-00C04F79EFBC}") = "Unity.VisualScripting.Flow", "Unity.VisualScripting.Flow.csproj", "{f1f439a9-802a-0f7b-7a64-d15aeb541e16}"
EndProject
Project("{FAE04EC0-301F-11D3-BF4B-00C04F79EFBC}") = "Unity.Services.Core.Telemetry", "Unity.Services.Core.Telemetry.csproj", "{9834f119-17a0-ba98-9f49-771ff0bf1df9}"
EndProject
Project("{FAE04EC0-301F-11D3-BF4B-00C04F79EFBC}") = "Unity.VisualScripting.State", "Unity.VisualScripting.State.csproj", "{b31770e5-2b3b-5b42-7001-0a7f157ad4bb}"
EndProject
Project("{FAE04EC0-301F-11D3-BF4B-00C04F79EFBC}") = "Unity.VisualScripting.Core", "Unity.VisualScripting.Core.csproj", "{ca607f03-5140-b79a-7093-48db4e4cee91}"
EndProject
Project("{FAE04EC0-301F-11D3-BF4B-00C04F79EFBC}") = "Unity.Services.Core.Environments.Internal", "Unity.Services.Core.Environments.Internal.csproj", "{747a7664-70e4-9285-ff1d-76587d8d87f4}"
EndProject
Project("{FAE04EC0-301F-11D3-BF4B-00C04F79EFBC}") = "Unity.TextMeshPro", "Unity.TextMeshPro.csproj", "{39227bad-a2a1-44c8-e7ac-969a5cdbf9cc}"
EndProject
Project("{FAE04EC0-301F-11D3-BF4B-00C04F79EFBC}") = "Unity.Timeline", "Unity.Timeline.csproj", "{964b63a5-5cca-71ac-412c-4fa2d917a2b6}"
EndProject
Project("{FAE04EC0-301F-11D3-BF4B-00C04F79EFBC}") = "Unity.Services.Core.Environments", "Unity.Services.Core.Environments.csproj", "{d6b733c0-4026-e72c-7af3-4c209f811c6d}"
EndProject
Project("{FAE04EC0-301F-11D3-BF4B-00C04F79EFBC}") = "Unity.Services.Core.Internal", "Unity.Services.Core.Internal.csproj", "{57837607-f6d5-c9d0-4342-a8fd76bdbecf}"
EndProject
Project("{FAE04EC0-301F-11D3-BF4B-00C04F79EFBC}") = "Unity.Services.Core.Analytics", "Unity.Services.Core.Analytics.csproj", "{922b3fd6-d212-f53d-81c7-904a1c3277f2}"
EndProject
Project("{FAE04EC0-301F-11D3-BF4B-00C04F79EFBC}") = "Unity.Services.Core.Scheduler", "Unity.Services.Core.Scheduler.csproj", "{b81c98fa-3a88-3022-4775-bf4c9041d131}"
EndProject
Project("{FAE04EC0-301F-11D3-BF4B-00C04F79EFBC}") = "Unity.Services.Core.Registration", "Unity.Services.Core.Registration.csproj", "{36f72df5-d315-b6d2-5bb0-1b07a1197aec}"
EndProject
Project("{FAE04EC0-301F-11D3-BF4B-00C04F79EFBC}") = "Unity.Services.Core.Device", "Unity.Services.Core.Device.csproj", "{08e4cb70-a7a8-446a-0d65-2758cc74ca7e}"
EndProject
Project("{FAE04EC0-301F-11D3-BF4B-00C04F79EFBC}") = "Unity.Services.Core.Threading", "Unity.Services.Core.Threading.csproj", "{ed608b87-16ef-62da-9bf1-93ce71077d18}"
EndProject
Project("{FAE04EC0-301F-11D3-BF4B-00C04F79EFBC}") = "Unity.Services.Core.Networking", "Unity.Services.Core.Networking.csproj", "{0c0e086d-966a-464b-d1e4-bea926f13a17}"
EndProject
Project("{FAE04EC0-301F-11D3-BF4B-00C04F79EFBC}") = "Unity.Services.Core", "Unity.Services.Core.csproj", "{c9e90c36-5ff0-49ba-e8e9-241ebf6d2df9}"
EndProject
Project("{FAE04EC0-301F-11D3-BF4B-00C04F79EFBC}") = "Unity.Services.Core.Configuration", "Unity.Services.Core.Configuration.csproj", "{e48fdd2d-8c00-8709-e491-50b9525e4809}"
EndProject
Project("{FAE04EC0-301F-11D3-BF4B-00C04F79EFBC}") = "Unity.PlasticSCM.Editor", "Unity.PlasticSCM.Editor.csproj", "{4ba696b9-503d-a1f0-cf5e-051338066622}"
EndProject
Project("{FAE04EC0-301F-11D3-BF4B-00C04F79EFBC}") = "Unity.VisualScripting.Core.Editor", "Unity.VisualScripting.Core.Editor.csproj", "{dd325c6e-a11b-ab66-4a2a-b8e047bcc845}"
EndProject
Project("{FAE04EC0-301F-11D3-BF4B-00C04F79EFBC}") = "Unity.VisualScripting.Flow.Editor", "Unity.VisualScripting.Flow.Editor.csproj", "{1d3b6eca-c84d-5379-5b9b-1a65ca956aef}"
EndProject
Project("{FAE04EC0-301F-11D3-BF4B-00C04F79EFBC}") = "Unity.VisualStudio.Editor", "Unity.VisualStudio.Editor.csproj", "{3cbbb4e4-1a1c-ef9d-2062-9c7592b88605}"
EndProject
Project("{FAE04EC0-301F-11D3-BF4B-00C04F79EFBC}") = "Unity.Timeline.Editor", "Unity.Timeline.Editor.csproj", "{3300f16a-174e-e58c-5567-ffbaef0166bf}"
EndProject
Project("{FAE04EC0-301F-11D3-BF4B-00C04F79EFBC}") = "Unity.VisualScripting.State.Editor", "Unity.VisualScripting.State.Editor.csproj", "{65f8784a-1555-35ed-a98f-eace828a41c0}"
EndProject
Project("{FAE04EC0-301F-11D3-BF4B-00C04F79EFBC}") = "Unity.TextMeshPro.Editor", "Unity.TextMeshPro.Editor.csproj", "{37fd3f9c-3ac1-c9bf-a0e8-988cc7cb0623}"
EndProject
Project("{FAE04EC0-301F-11D3-BF4B-00C04F79EFBC}") = "Unity.VisualScripting.SettingsProvider.Editor", "Unity.VisualScripting.SettingsProvider.Editor.csproj", "{1fec75ae-3944-cdbe-a8f4-76e8c7c9cc60}"
EndProject
Project("{FAE04EC0-301F-11D3-BF4B-00C04F79EFBC}") = "Unity.CollabProxy.Editor", "Unity.CollabProxy.Editor.csproj", "{78ae26f1-e939-559d-bc70-c4794f3aed0a}"
EndProject
Project("{FAE04EC0-301F-11D3-BF4B-00C04F79EFBC}") = "UnityEditor.TestRunner", "UnityEditor.TestRunner.csproj", "{c818fc6a-6611-80e1-1eb9-306233bd2b3d}"
EndProject
Project("{FAE04EC0-301F-11D3-BF4B-00C04F79EFBC}") = "Unity.Services.Core.Editor", "Unity.Services.Core.Editor.csproj", "{34c1c3c5-20d3-cde0-64ad-6c9e665380f0}"
EndProject
Project("{FAE04EC0-301F-11D3-BF4B-00C04F79EFBC}") = "Unity.TestTools.CodeCoverage.Editor", "Unity.TestTools.CodeCoverage.Editor.csproj", "{205d5cdc-8cc0-f9ab-4845-db1df700dfdd}"
EndProject
Project("{FAE04EC0-301F-11D3-BF4B-00C04F79EFBC}") = "Unity.Rider.Editor", "Unity.Rider.Editor.csproj", "{5d4cfbd9-73f4-6837-fd0d-0b888c2baaf7}"
EndProject
Project("{FAE04EC0-301F-11D3-BF4B-00C04F79EFBC}") = "Unity.Performance.Profile-Analyzer.Editor", "Unity.Performance.Profile-Analyzer.Editor.csproj", "{d5422b2f-ccba-fa20-683b-4609e7067c6d}"
EndProject
Project("{FAE04EC0-301F-11D3-BF4B-00C04F79EFBC}") = "Unity.VSCode.Editor", "Unity.VSCode.Editor.csproj", "{ff9c0167-2a41-bc28-622c-c90fda9b108a}"
EndProject
Project("{FAE04EC0-301F-11D3-BF4B-00C04F79EFBC}") = "UnityEditor.UI", "UnityEditor.UI.csproj", "{349c4794-f823-783c-1963-5d5dfe8244eb}"
EndProject
Project("{FAE04EC0-301F-11D3-BF4B-00C04F79EFBC}") = "Unity.TestTools.CodeCoverage.Editor.OpenCover.Model", "Unity.TestTools.CodeCoverage.Editor.OpenCover.Model.csproj", "{a35d1896-330d-97c1-a741-c75dabd90428}"
EndProject
Project("{FAE04EC0-301F-11D3-BF4B-00C04F79EFBC}") = "Unity.EditorCoroutines.Editor", "Unity.EditorCoroutines.Editor.csproj", "{aea37b45-181c-77dc-5679-d33c43d1b99d}"
EndProject
Project("{FAE04EC0-301F-11D3-BF4B-00C04F79EFBC}") = "Unity.Settings.Editor", "Unity.Settings.Editor.csproj", "{384e35d5-ba16-655a-aba9-70f24c142a71}"
EndProject
Project("{FAE04EC0-301F-11D3-BF4B-00C04F79EFBC}") = "Unity.Services.Core.Configuration.Editor", "Unity.Services.Core.Configuration.Editor.csproj", "{6bf0b4d7-b97e-4f06-c59f-95e09722ab54}"
EndProject
Project("{FAE04EC0-301F-11D3-BF4B-00C04F79EFBC}") = "Unity.TestTools.CodeCoverage.Editor.OpenCover.Mono.Reflection", "Unity.TestTools.CodeCoverage.Editor.OpenCover.Mono.Reflection.csproj", "{afa48848-eb17-345b-cf57-f4b76411b6fb}"
EndProject
Project("{FAE04EC0-301F-11D3-BF4B-00C04F79EFBC}") = "Unity.VisualScripting.Shared.Editor", "Unity.VisualScripting.Shared.Editor.csproj", "{a2e4ba5d-63a4-2576-0ed1-a973cd441ab1}"
EndProject
Global
	GlobalSection(SolutionConfigurationPlatforms) = preSolution
		Debug|Any CPU = Debug|Any CPU
	EndGlobalSection
	GlobalSection(ProjectConfigurationPlatforms) = postSolution
		{0b2ce9ab-b316-a8db-ec3c-c1571eec64dd}.Debug|Any CPU.ActiveCfg = Debug|Any CPU
		{0b2ce9ab-b316-a8db-ec3c-c1571eec64dd}.Debug|Any CPU.Build.0 = Debug|Any CPU
		{6b4bf286-95c0-d8b6-48d0-a7b02d22806b}.Debug|Any CPU.ActiveCfg = Debug|Any CPU
		{6b4bf286-95c0-d8b6-48d0-a7b02d22806b}.Debug|Any CPU.Build.0 = Debug|Any CPU
		{f1f439a9-802a-0f7b-7a64-d15aeb541e16}.Debug|Any CPU.ActiveCfg = Debug|Any CPU
		{f1f439a9-802a-0f7b-7a64-d15aeb541e16}.Debug|Any CPU.Build.0 = Debug|Any CPU
		{9834f119-17a0-ba98-9f49-771ff0bf1df9}.Debug|Any CPU.ActiveCfg = Debug|Any CPU
		{9834f119-17a0-ba98-9f49-771ff0bf1df9}.Debug|Any CPU.Build.0 = Debug|Any CPU
		{b31770e5-2b3b-5b42-7001-0a7f157ad4bb}.Debug|Any CPU.ActiveCfg = Debug|Any CPU
		{b31770e5-2b3b-5b42-7001-0a7f157ad4bb}.Debug|Any CPU.Build.0 = Debug|Any CPU
		{ca607f03-5140-b79a-7093-48db4e4cee91}.Debug|Any CPU.ActiveCfg = Debug|Any CPU
		{ca607f03-5140-b79a-7093-48db4e4cee91}.Debug|Any CPU.Build.0 = Debug|Any CPU
		{747a7664-70e4-9285-ff1d-76587d8d87f4}.Debug|Any CPU.ActiveCfg = Debug|Any CPU
		{747a7664-70e4-9285-ff1d-76587d8d87f4}.Debug|Any CPU.Build.0 = Debug|Any CPU
		{39227bad-a2a1-44c8-e7ac-969a5cdbf9cc}.Debug|Any CPU.ActiveCfg = Debug|Any CPU
		{39227bad-a2a1-44c8-e7ac-969a5cdbf9cc}.Debug|Any CPU.Build.0 = Debug|Any CPU
		{964b63a5-5cca-71ac-412c-4fa2d917a2b6}.Debug|Any CPU.ActiveCfg = Debug|Any CPU
		{964b63a5-5cca-71ac-412c-4fa2d917a2b6}.Debug|Any CPU.Build.0 = Debug|Any CPU
		{d6b733c0-4026-e72c-7af3-4c209f811c6d}.Debug|Any CPU.ActiveCfg = Debug|Any CPU
		{d6b733c0-4026-e72c-7af3-4c209f811c6d}.Debug|Any CPU.Build.0 = Debug|Any CPU
		{57837607-f6d5-c9d0-4342-a8fd76bdbecf}.Debug|Any CPU.ActiveCfg = Debug|Any CPU
		{57837607-f6d5-c9d0-4342-a8fd76bdbecf}.Debug|Any CPU.Build.0 = Debug|Any CPU
		{922b3fd6-d212-f53d-81c7-904a1c3277f2}.Debug|Any CPU.ActiveCfg = Debug|Any CPU
		{922b3fd6-d212-f53d-81c7-904a1c3277f2}.Debug|Any CPU.Build.0 = Debug|Any CPU
		{b81c98fa-3a88-3022-4775-bf4c9041d131}.Debug|Any CPU.ActiveCfg = Debug|Any CPU
		{b81c98fa-3a88-3022-4775-bf4c9041d131}.Debug|Any CPU.Build.0 = Debug|Any CPU
		{36f72df5-d315-b6d2-5bb0-1b07a1197aec}.Debug|Any CPU.ActiveCfg = Debug|Any CPU
		{36f72df5-d315-b6d2-5bb0-1b07a1197aec}.Debug|Any CPU.Build.0 = Debug|Any CPU
		{08e4cb70-a7a8-446a-0d65-2758cc74ca7e}.Debug|Any CPU.ActiveCfg = Debug|Any CPU
		{08e4cb70-a7a8-446a-0d65-2758cc74ca7e}.Debug|Any CPU.Build.0 = Debug|Any CPU
		{ed608b87-16ef-62da-9bf1-93ce71077d18}.Debug|Any CPU.ActiveCfg = Debug|Any CPU
		{ed608b87-16ef-62da-9bf1-93ce71077d18}.Debug|Any CPU.Build.0 = Debug|Any CPU
		{0c0e086d-966a-464b-d1e4-bea926f13a17}.Debug|Any CPU.ActiveCfg = Debug|Any CPU
		{0c0e086d-966a-464b-d1e4-bea926f13a17}.Debug|Any CPU.Build.0 = Debug|Any CPU
		{c9e90c36-5ff0-49ba-e8e9-241ebf6d2df9}.Debug|Any CPU.ActiveCfg = Debug|Any CPU
		{c9e90c36-5ff0-49ba-e8e9-241ebf6d2df9}.Debug|Any CPU.Build.0 = Debug|Any CPU
		{e48fdd2d-8c00-8709-e491-50b9525e4809}.Debug|Any CPU.ActiveCfg = Debug|Any CPU
		{e48fdd2d-8c00-8709-e491-50b9525e4809}.Debug|Any CPU.Build.0 = Debug|Any CPU
		{4ba696b9-503d-a1f0-cf5e-051338066622}.Debug|Any CPU.ActiveCfg = Debug|Any CPU
		{4ba696b9-503d-a1f0-cf5e-051338066622}.Debug|Any CPU.Build.0 = Debug|Any CPU
		{dd325c6e-a11b-ab66-4a2a-b8e047bcc845}.Debug|Any CPU.ActiveCfg = Debug|Any CPU
		{dd325c6e-a11b-ab66-4a2a-b8e047bcc845}.Debug|Any CPU.Build.0 = Debug|Any CPU
		{1d3b6eca-c84d-5379-5b9b-1a65ca956aef}.Debug|Any CPU.ActiveCfg = Debug|Any CPU
		{1d3b6eca-c84d-5379-5b9b-1a65ca956aef}.Debug|Any CPU.Build.0 = Debug|Any CPU
		{3cbbb4e4-1a1c-ef9d-2062-9c7592b88605}.Debug|Any CPU.ActiveCfg = Debug|Any CPU
		{3cbbb4e4-1a1c-ef9d-2062-9c7592b88605}.Debug|Any CPU.Build.0 = Debug|Any CPU
		{3300f16a-174e-e58c-5567-ffbaef0166bf}.Debug|Any CPU.ActiveCfg = Debug|Any CPU
		{3300f16a-174e-e58c-5567-ffbaef0166bf}.Debug|Any CPU.Build.0 = Debug|Any CPU
		{65f8784a-1555-35ed-a98f-eace828a41c0}.Debug|Any CPU.ActiveCfg = Debug|Any CPU
		{65f8784a-1555-35ed-a98f-eace828a41c0}.Debug|Any CPU.Build.0 = Debug|Any CPU
		{37fd3f9c-3ac1-c9bf-a0e8-988cc7cb0623}.Debug|Any CPU.ActiveCfg = Debug|Any CPU
		{37fd3f9c-3ac1-c9bf-a0e8-988cc7cb0623}.Debug|Any CPU.Build.0 = Debug|Any CPU
		{1fec75ae-3944-cdbe-a8f4-76e8c7c9cc60}.Debug|Any CPU.ActiveCfg = Debug|Any CPU
		{1fec75ae-3944-cdbe-a8f4-76e8c7c9cc60}.Debug|Any CPU.Build.0 = Debug|Any CPU
		{78ae26f1-e939-559d-bc70-c4794f3aed0a}.Debug|Any CPU.ActiveCfg = Debug|Any CPU
		{78ae26f1-e939-559d-bc70-c4794f3aed0a}.Debug|Any CPU.Build.0 = Debug|Any CPU
		{c818fc6a-6611-80e1-1eb9-306233bd2b3d}.Debug|Any CPU.ActiveCfg = Debug|Any CPU
		{c818fc6a-6611-80e1-1eb9-306233bd2b3d}.Debug|Any CPU.Build.0 = Debug|Any CPU
		{34c1c3c5-20d3-cde0-64ad-6c9e665380f0}.Debug|Any CPU.ActiveCfg = Debug|Any CPU
		{34c1c3c5-20d3-cde0-64ad-6c9e665380f0}.Debug|Any CPU.Build.0 = Debug|Any CPU
		{205d5cdc-8cc0-f9ab-4845-db1df700dfdd}.Debug|Any CPU.ActiveCfg = Debug|Any CPU
		{205d5cdc-8cc0-f9ab-4845-db1df700dfdd}.Debug|Any CPU.Build.0 = Debug|Any CPU
		{5d4cfbd9-73f4-6837-fd0d-0b888c2baaf7}.Debug|Any CPU.ActiveCfg = Debug|Any CPU
		{5d4cfbd9-73f4-6837-fd0d-0b888c2baaf7}.Debug|Any CPU.Build.0 = Debug|Any CPU
		{d5422b2f-ccba-fa20-683b-4609e7067c6d}.Debug|Any CPU.ActiveCfg = Debug|Any CPU
		{d5422b2f-ccba-fa20-683b-4609e7067c6d}.Debug|Any CPU.Build.0 = Debug|Any CPU
		{ff9c0167-2a41-bc28-622c-c90fda9b108a}.Debug|Any CPU.ActiveCfg = Debug|Any CPU
		{ff9c0167-2a41-bc28-622c-c90fda9b108a}.Debug|Any CPU.Build.0 = Debug|Any CPU
		{349c4794-f823-783c-1963-5d5dfe8244eb}.Debug|Any CPU.ActiveCfg = Debug|Any CPU
		{349c4794-f823-783c-1963-5d5dfe8244eb}.Debug|Any CPU.Build.0 = Debug|Any CPU
		{a35d1896-330d-97c1-a741-c75dabd90428}.Debug|Any CPU.ActiveCfg = Debug|Any CPU
		{a35d1896-330d-97c1-a741-c75dabd90428}.Debug|Any CPU.Build.0 = Debug|Any CPU
		{aea37b45-181c-77dc-5679-d33c43d1b99d}.Debug|Any CPU.ActiveCfg = Debug|Any CPU
		{aea37b45-181c-77dc-5679-d33c43d1b99d}.Debug|Any CPU.Build.0 = Debug|Any CPU
		{384e35d5-ba16-655a-aba9-70f24c142a71}.Debug|Any CPU.ActiveCfg = Debug|Any CPU
		{384e35d5-ba16-655a-aba9-70f24c142a71}.Debug|Any CPU.Build.0 = Debug|Any CPU
		{6bf0b4d7-b97e-4f06-c59f-95e09722ab54}.Debug|Any CPU.ActiveCfg = Debug|Any CPU
		{6bf0b4d7-b97e-4f06-c59f-95e09722ab54}.Debug|Any CPU.Build.0 = Debug|Any CPU
		{afa48848-eb17-345b-cf57-f4b76411b6fb}.Debug|Any CPU.ActiveCfg = Debug|Any CPU
		{afa48848-eb17-345b-cf57-f4b76411b6fb}.Debug|Any CPU.Build.0 = Debug|Any CPU
		{a2e4ba5d-63a4-2576-0ed1-a973cd441ab1}.Debug|Any CPU.ActiveCfg = Debug|Any CPU
		{a2e4ba5d-63a4-2576-0ed1-a973cd441ab1}.Debug|Any CPU.Build.0 = Debug|Any CPU
	EndGlobalSection
	GlobalSection(SolutionProperties) = preSolution
		HideSolutionNode = FALSE
	EndGlobalSection
EndGlobal
